
Microsoft Visual Studio Solution File, Format Version 12.00
# Visual Studio 15
VisualStudioVersion = 15.0.28010.2026
MinimumVisualStudioVersion = 10.0.40219.1
Project("{FAE04EC0-301F-11D3-BF4B-00C04F79EFBC}") = "Acme.GenericBusiness", "Acme.GenericBusiness\Acme.GenericBusiness.csproj", "{B20A2785-CA24-432E-A56E-BD41F0F5EFB8}"
EndProject
Global
	GlobalSection(SolutionConfigurationPlatforms) = preSolution
		Debug|Any CPU = Debug|Any CPU
		Release|Any CPU = Release|Any CPU
	EndGlobalSection
	GlobalSection(ProjectConfigurationPlatforms) = postSolution
		{B20A2785-CA24-432E-A56E-BD41F0F5EFB8}.Debug|Any CPU.ActiveCfg = Debug|Any CPU
		{B20A2785-CA24-432E-A56E-BD41F0F5EFB8}.Debug|Any CPU.Build.0 = Debug|Any CPU
		{B20A2785-CA24-432E-A56E-BD41F0F5EFB8}.Release|Any CPU.ActiveCfg = Release|Any CPU
		{B20A2785-CA24-432E-A56E-BD41F0F5EFB8}.Release|Any CPU.Build.0 = Release|Any CPU
	EndGlobalSection
	GlobalSection(SolutionProperties) = preSolution
		HideSolutionNode = FALSE
	EndGlobalSection
	GlobalSection(ExtensibilityGlobals) = postSolution
		SolutionGuid = {C90ADF3F-D879-4688-8871-23737C77FEB1}
	EndGlobalSection
EndGlobal
